// !$*UTF8*$!
{
	archiveVersion = 1;
	classes = {
	};
	objectVersion = 48;
	objects = {

/* Begin PBXBuildFile section */
		12695A112111889E00FC783B /* ISStacktraceRecorder.cpp in Sources */ = {isa = PBXBuildFile; fileRef = 12695A0F2111889E00FC783B /* ISStacktraceRecorder.cpp */; };
		12695A172111B8AE00FC783B /* ISANRWatcher.mm in Sources */ = {isa = PBXBuildFile; fileRef = 12695A162111B8AE00FC783B /* ISANRWatcher.mm */; };
		12695A1B2111CB7500FC783B /* ISLevelDB.mm in Sources */ = {isa = PBXBuildFile; fileRef = 12695A192111CB7400FC783B /* ISLevelDB.mm */; settings = {COMPILER_FLAGS = "-fno-objc-arc"; }; };
		12F9F76820A4276B00ABD788 /* AppDelegate.mm in Sources */ = {isa = PBXBuildFile; fileRef = 12F9F76720A4276B00ABD788 /* AppDelegate.mm */; };
		12F9F76B20A4276B00ABD788 /* ViewController.m in Sources */ = {isa = PBXBuildFile; fileRef = 12F9F76A20A4276B00ABD788 /* ViewController.m */; };
		12F9F76E20A4276B00ABD788 /* Main.storyboard in Resources */ = {isa = PBXBuildFile; fileRef = 12F9F76C20A4276B00ABD788 /* Main.storyboard */; };
		12F9F77020A4276B00ABD788 /* Assets.xcassets in Resources */ = {isa = PBXBuildFile; fileRef = 12F9F76F20A4276B00ABD788 /* Assets.xcassets */; };
		12F9F77320A4276B00ABD788 /* LaunchScreen.storyboard in Resources */ = {isa = PBXBuildFile; fileRef = 12F9F77120A4276B00ABD788 /* LaunchScreen.storyboard */; };
		12F9F77620A4276B00ABD788 /* main.m in Sources */ = {isa = PBXBuildFile; fileRef = 12F9F77520A4276B00ABD788 /* main.m */; };
		12F9F78720A4279100ABD788 /* ISMainThreadChecker.mm in Sources */ = {isa = PBXBuildFile; fileRef = 12F9F77D20A4279100ABD788 /* ISMainThreadChecker.mm */; settings = {COMPILER_FLAGS = "-fno-objc-arc"; }; };
		12F9F78920A4279100ABD788 /* ISBinaryImageHelper.mm in Sources */ = {isa = PBXBuildFile; fileRef = 12F9F78320A4279100ABD788 /* ISBinaryImageHelper.mm */; };
		12F9F78A20A4279100ABD788 /* ISSerialization.mm in Sources */ = {isa = PBXBuildFile; fileRef = 12F9F78420A4279100ABD788 /* ISSerialization.mm */; };
		12F9F78B20A4279100ABD788 /* ISMonitorCenter.mm in Sources */ = {isa = PBXBuildFile; fileRef = 12F9F78520A4279100ABD788 /* ISMonitorCenter.mm */; };
		2792745A5A32DDC89DCE514A /* libPods-ANRTest.a in Frameworks */ = {isa = PBXBuildFile; fileRef = 3ECC717C46FF7CA4227184DC /* libPods-ANRTest.a */; };
/* End PBXBuildFile section */

/* Begin PBXFileReference section */
		12695A0F2111889E00FC783B /* ISStacktraceRecorder.cpp */ = {isa = PBXFileReference; lastKnownFileType = sourcecode.cpp.cpp; path = ISStacktraceRecorder.cpp; sourceTree = "<group>"; };
		12695A102111889E00FC783B /* ISStacktraceRecorder.hpp */ = {isa = PBXFileReference; lastKnownFileType = sourcecode.cpp.h; path = ISStacktraceRecorder.hpp; sourceTree = "<group>"; };
		12695A152111B8AE00FC783B /* ISANRWatcher.h */ = {isa = PBXFileReference; lastKnownFileType = sourcecode.c.h; path = ISANRWatcher.h; sourceTree = "<group>"; };
		12695A162111B8AE00FC783B /* ISANRWatcher.mm */ = {isa = PBXFileReference; lastKnownFileType = sourcecode.cpp.objcpp; path = ISANRWatcher.mm; sourceTree = "<group>"; };
		12695A192111CB7400FC783B /* ISLevelDB.mm */ = {isa = PBXFileReference; fileEncoding = 4; lastKnownFileType = sourcecode.cpp.objcpp; path = ISLevelDB.mm; sourceTree = "<group>"; };
		12695A1A2111CB7400FC783B /* ISLevelDB.h */ = {isa = PBXFileReference; fileEncoding = 4; lastKnownFileType = sourcecode.c.h; path = ISLevelDB.h; sourceTree = "<group>"; };
		1271E4AC2111D38B00ECDB67 /* Common.h */ = {isa = PBXFileReference; lastKnownFileType = sourcecode.c.h; path = Common.h; sourceTree = "<group>"; };
		12F9F76320A4276B00ABD788 /* ANRTest.app */ = {isa = PBXFileReference; explicitFileType = wrapper.application; includeInIndex = 0; path = ANRTest.app; sourceTree = BUILT_PRODUCTS_DIR; };
		12F9F76620A4276B00ABD788 /* AppDelegate.h */ = {isa = PBXFileReference; lastKnownFileType = sourcecode.c.h; path = AppDelegate.h; sourceTree = "<group>"; };
		12F9F76720A4276B00ABD788 /* AppDelegate.mm */ = {isa = PBXFileReference; lastKnownFileType = sourcecode.cpp.objcpp; path = AppDelegate.mm; sourceTree = "<group>"; };
		12F9F76920A4276B00ABD788 /* ViewController.h */ = {isa = PBXFileReference; lastKnownFileType = sourcecode.c.h; path = ViewController.h; sourceTree = "<group>"; };
		12F9F76A20A4276B00ABD788 /* ViewController.m */ = {isa = PBXFileReference; lastKnownFileType = sourcecode.c.objc; path = ViewController.m; sourceTree = "<group>"; };
		12F9F76D20A4276B00ABD788 /* Base */ = {isa = PBXFileReference; lastKnownFileType = file.storyboard; name = Base; path = Base.lproj/Main.storyboard; sourceTree = "<group>"; };
		12F9F76F20A4276B00ABD788 /* Assets.xcassets */ = {isa = PBXFileReference; lastKnownFileType = folder.assetcatalog; path = Assets.xcassets; sourceTree = "<group>"; };
		12F9F77220A4276B00ABD788 /* Base */ = {isa = PBXFileReference; lastKnownFileType = file.storyboard; name = Base; path = Base.lproj/LaunchScreen.storyboard; sourceTree = "<group>"; };
		12F9F77420A4276B00ABD788 /* Info.plist */ = {isa = PBXFileReference; lastKnownFileType = text.plist.xml; path = Info.plist; sourceTree = "<group>"; };
		12F9F77520A4276B00ABD788 /* main.m */ = {isa = PBXFileReference; lastKnownFileType = sourcecode.c.objc; path = main.m; sourceTree = "<group>"; };
		12F9F77D20A4279100ABD788 /* ISMainThreadChecker.mm */ = {isa = PBXFileReference; fileEncoding = 4; lastKnownFileType = sourcecode.cpp.objcpp; path = ISMainThreadChecker.mm; sourceTree = "<group>"; };
		12F9F77E20A4279100ABD788 /* ISBinaryImageHelper.h */ = {isa = PBXFileReference; fileEncoding = 4; lastKnownFileType = sourcecode.c.h; path = ISBinaryImageHelper.h; sourceTree = "<group>"; };
		12F9F77F20A4279100ABD788 /* ISMainThreadChecker.h */ = {isa = PBXFileReference; fileEncoding = 4; lastKnownFileType = sourcecode.c.h; path = ISMainThreadChecker.h; sourceTree = "<group>"; };
		12F9F78120A4279100ABD788 /* ISMonitorCenter.h */ = {isa = PBXFileReference; fileEncoding = 4; lastKnownFileType = sourcecode.c.h; path = ISMonitorCenter.h; sourceTree = "<group>"; };
		12F9F78320A4279100ABD788 /* ISBinaryImageHelper.mm */ = {isa = PBXFileReference; fileEncoding = 4; lastKnownFileType = sourcecode.cpp.objcpp; path = ISBinaryImageHelper.mm; sourceTree = "<group>"; };
		12F9F78420A4279100ABD788 /* ISSerialization.mm */ = {isa = PBXFileReference; fileEncoding = 4; lastKnownFileType = sourcecode.cpp.objcpp; path = ISSerialization.mm; sourceTree = "<group>"; };
		12F9F78520A4279100ABD788 /* ISMonitorCenter.mm */ = {isa = PBXFileReference; fileEncoding = 4; lastKnownFileType = sourcecode.cpp.objcpp; path = ISMonitorCenter.mm; sourceTree = "<group>"; };
		12F9F78620A4279100ABD788 /* ISSerialization.h */ = {isa = PBXFileReference; fileEncoding = 4; lastKnownFileType = sourcecode.c.h; path = ISSerialization.h; sourceTree = "<group>"; };
		3ECC717C46FF7CA4227184DC /* libPods-ANRTest.a */ = {isa = PBXFileReference; explicitFileType = archive.ar; includeInIndex = 0; path = "libPods-ANRTest.a"; sourceTree = BUILT_PRODUCTS_DIR; };
		7F9A0B62B7337196C00751F6 /* Pods-ANRTest.debug.xcconfig */ = {isa = PBXFileReference; includeInIndex = 1; lastKnownFileType = text.xcconfig; name = "Pods-ANRTest.debug.xcconfig"; path = "Pods/Target Support Files/Pods-ANRTest/Pods-ANRTest.debug.xcconfig"; sourceTree = "<group>"; };
		E425EDEAA783541430CF0C99 /* Pods-ANRTest.release.xcconfig */ = {isa = PBXFileReference; includeInIndex = 1; lastKnownFileType = text.xcconfig; name = "Pods-ANRTest.release.xcconfig"; path = "Pods/Target Support Files/Pods-ANRTest/Pods-ANRTest.release.xcconfig"; sourceTree = "<group>"; };
/* End PBXFileReference section */

/* Begin PBXFrameworksBuildPhase section */
		12F9F76020A4276B00ABD788 /* Frameworks */ = {
			isa = PBXFrameworksBuildPhase;
			buildActionMask = 2147483647;
			files = (
				2792745A5A32DDC89DCE514A /* libPods-ANRTest.a in Frameworks */,
			);
			runOnlyForDeploymentPostprocessing = 0;
		};
/* End PBXFrameworksBuildPhase section */

/* Begin PBXGroup section */
		12695A182111CB1100FC783B /* LevelDBWarpper */ = {
			isa = PBXGroup;
			children = (
				1271E4AC2111D38B00ECDB67 /* Common.h */,
				12695A1A2111CB7400FC783B /* ISLevelDB.h */,
				12695A192111CB7400FC783B /* ISLevelDB.mm */,
			);
			path = LevelDBWarpper;
			sourceTree = "<group>";
		};
		12F9F75A20A4276B00ABD788 = {
			isa = PBXGroup;
			children = (
				12F9F76520A4276B00ABD788 /* ANRTest */,
				12F9F76420A4276B00ABD788 /* Products */,
				E00AD127257F57ED682F4254 /* Pods */,
				F88DAA8E7DAA91ACAF3E0E56 /* Frameworks */,
			);
			sourceTree = "<group>";
		};
		12F9F76420A4276B00ABD788 /* Products */ = {
			isa = PBXGroup;
			children = (
				12F9F76320A4276B00ABD788 /* ANRTest.app */,
			);
			name = Products;
			sourceTree = "<group>";
		};
		12F9F76520A4276B00ABD788 /* ANRTest */ = {
			isa = PBXGroup;
			children = (
				12F9F77C20A4277A00ABD788 /* ANR */,
				12F9F76620A4276B00ABD788 /* AppDelegate.h */,
				12F9F76720A4276B00ABD788 /* AppDelegate.mm */,
				12F9F76920A4276B00ABD788 /* ViewController.h */,
				12F9F76A20A4276B00ABD788 /* ViewController.m */,
				12F9F76C20A4276B00ABD788 /* Main.storyboard */,
				12F9F76F20A4276B00ABD788 /* Assets.xcassets */,
				12F9F77120A4276B00ABD788 /* LaunchScreen.storyboard */,
				12F9F77420A4276B00ABD788 /* Info.plist */,
				12F9F77520A4276B00ABD788 /* main.m */,
			);
			path = ANRTest;
			sourceTree = "<group>";
		};
		12F9F77C20A4277A00ABD788 /* ANR */ = {
			isa = PBXGroup;
			children = (
				12695A182111CB1100FC783B /* LevelDBWarpper */,
				12F9F77F20A4279100ABD788 /* ISMainThreadChecker.h */,
				12F9F77D20A4279100ABD788 /* ISMainThreadChecker.mm */,
				12F9F78320A4279100ABD788 /* ISBinaryImageHelper.mm */,
				12F9F77E20A4279100ABD788 /* ISBinaryImageHelper.h */,
				12F9F78120A4279100ABD788 /* ISMonitorCenter.h */,
				12F9F78520A4279100ABD788 /* ISMonitorCenter.mm */,
				12F9F78620A4279100ABD788 /* ISSerialization.h */,
				12F9F78420A4279100ABD788 /* ISSerialization.mm */,
				12695A0F2111889E00FC783B /* ISStacktraceRecorder.cpp */,
				12695A102111889E00FC783B /* ISStacktraceRecorder.hpp */,
				12695A152111B8AE00FC783B /* ISANRWatcher.h */,
				12695A162111B8AE00FC783B /* ISANRWatcher.mm */,
			);
			path = ANR;
			sourceTree = "<group>";
		};
		E00AD127257F57ED682F4254 /* Pods */ = {
			isa = PBXGroup;
			children = (
				7F9A0B62B7337196C00751F6 /* Pods-ANRTest.debug.xcconfig */,
				E425EDEAA783541430CF0C99 /* Pods-ANRTest.release.xcconfig */,
			);
			name = Pods;
			sourceTree = "<group>";
		};
		F88DAA8E7DAA91ACAF3E0E56 /* Frameworks */ = {
			isa = PBXGroup;
			children = (
				3ECC717C46FF7CA4227184DC /* libPods-ANRTest.a */,
			);
			name = Frameworks;
			sourceTree = "<group>";
		};
/* End PBXGroup section */

/* Begin PBXNativeTarget section */
		12F9F76220A4276B00ABD788 /* ANRTest */ = {
			isa = PBXNativeTarget;
			buildConfigurationList = 12F9F77920A4276B00ABD788 /* Build configuration list for PBXNativeTarget "ANRTest" */;
			buildPhases = (
				CAACEE1571131DCECF88AB83 /* [CP] Check Pods Manifest.lock */,
				12F9F75F20A4276B00ABD788 /* Sources */,
				12F9F76020A4276B00ABD788 /* Frameworks */,
				12F9F76120A4276B00ABD788 /* Resources */,
				7138B7F2D5B7F7F51D2B22A6 /* [CP] Embed Pods Frameworks */,
				618FF24A43E0EC66D2B24802 /* [CP] Copy Pods Resources */,
				12279FDE21070F5F00A346D9 /* ShellScript */,
			);
			buildRules = (
			);
			dependencies = (
			);
			name = ANRTest;
			productName = ANRTest;
			productReference = 12F9F76320A4276B00ABD788 /* ANRTest.app */;
			productType = "com.apple.product-type.application";
		};
/* End PBXNativeTarget section */

/* Begin PBXProject section */
		12F9F75B20A4276B00ABD788 /* Project object */ = {
			isa = PBXProject;
			attributes = {
				LastUpgradeCheck = 0920;
				ORGANIZATIONNAME = intsig;
				TargetAttributes = {
					12F9F76220A4276B00ABD788 = {
						CreatedOnToolsVersion = 9.2;
						ProvisioningStyle = Automatic;
					};
				};
			};
			buildConfigurationList = 12F9F75E20A4276B00ABD788 /* Build configuration list for PBXProject "ANRTest" */;
			compatibilityVersion = "Xcode 8.0";
			developmentRegion = en;
			hasScannedForEncodings = 0;
			knownRegions = (
				en,
				Base,
			);
			mainGroup = 12F9F75A20A4276B00ABD788;
			productRefGroup = 12F9F76420A4276B00ABD788 /* Products */;
			projectDirPath = "";
			projectRoot = "";
			targets = (
				12F9F76220A4276B00ABD788 /* ANRTest */,
			);
		};
/* End PBXProject section */

/* Begin PBXResourcesBuildPhase section */
		12F9F76120A4276B00ABD788 /* Resources */ = {
			isa = PBXResourcesBuildPhase;
			buildActionMask = 2147483647;
			files = (
				12F9F77320A4276B00ABD788 /* LaunchScreen.storyboard in Resources */,
				12F9F77020A4276B00ABD788 /* Assets.xcassets in Resources */,
				12F9F76E20A4276B00ABD788 /* Main.storyboard in Resources */,
			);
			runOnlyForDeploymentPostprocessing = 0;
		};
/* End PBXResourcesBuildPhase section */

/* Begin PBXShellScriptBuildPhase section */
		12279FDE21070F5F00A346D9 /* ShellScript */ = {
			isa = PBXShellScriptBuildPhase;
			buildActionMask = 2147483647;
			files = (
			);
			inputPaths = (
			);
			outputPaths = (
			);
			runOnlyForDeploymentPostprocessing = 0;
			shellPath = /bin/sh;
			shellScript = "# Debug模式编译是否上传，1＝上传 0＝不上传，默认不上传\nUPLOAD_DEBUG_SYMBOLS=1\n\n# 模拟器编译是否上传，1＝上传，0＝不上传，默认不上传\nUPLOAD_SIMULATOR_SYMBOLS=1\n\n# 退出执行并打印提示信息\nexitWithMessage() {\n    echo \"--------------------------------\"\n    echo -e \"${1}\"\n    echo \"--------------------------------\"\n    echo \"No upload and exit.\"\n    echo \"----------------------------------------------------------------\"\n    exit ${2}\n}\n\necho \"Uploading dSYM...\"\n\nDSYM_UPLOAD_DOMAIN=\"127.0.0.1:4000\"\n\n##检查模拟器是否允许上传符号\nif [ \"$EFFECTIVE_PLATFORM_NAME\" == \"-iphonesimulator\" ]; then\nif [[ $UPLOAD_SIMULATOR_SYMBOLS -eq 0 ]]; then\nexitWithMessage \"Warning: Build for simulator and skipping to upload. \\nYou can modify 'UPLOAD_SIMULATOR_SYMBOLS' to 1 in the script.\" 0\nfi\nfi\n\n# 检查DEBUG模式是否允许上传符号\nif [ \"${CONFIGURATION=}\" == \"Debug\" ]; then\nif [[ $UPLOAD_DEBUG_SYMBOLS -eq 0 ]]; then\nexitWithMessage \"Warning: Build for debug mode and skipping to upload. \\nYou can modify 'UPLOAD_DEBUG_SYMBOLS' to 1 in the script.\" 0\nfi\nfi\n\nfunction uploadDSYM {\n    DSYM_SRC=\"$1\"\n    if [ ! -d \"$DSYM_SRC\" ]; then\n    exitWithMessage \"dSYM source not found: ${DSYM_SRC}\" 1\n    fi\n    \n    # 清理\n    DYSM_ZIP_DIR=\"/Users/brent_shu/Desktop/symbolTool/\"\n    $(find ${DYSM_ZIP_DIR} -name \"*.zip\" -mindepth 1 -delete)\n    uuid=`dwarfdump --uuid ${DSYM_SRC}`\n    uuid=${uuid:6:36}\n    cd \"${DYSM_ZIP_DIR}\";\n    echo \"java -jar ${DYSM_ZIP_DIR}symbolTool.jar -i ${DSYM_SRC} -c++_demangle -swift_demangle\"\n    PAD=`java -jar ${DYSM_ZIP_DIR}symbolTool.jar -i ${DSYM_SRC} -c++_demangle -swift_demangle`\n    for zipFile in `find \"$DYSM_ZIP_DIR\" -name \"*.zip\"`; do\n    FILENAME=\"${uuid}\"\n    DSYM_SYMBOL_OUT_ZIP_NAME=\"${FILENAME}.zip\"\n    DSYM_ZIP_FPATH=\"${DYSM_ZIP_DIR}${DSYM_SYMBOL_OUT_ZIP_NAME}\"\n    echo \"mv ${zipFile} ${DSYM_ZIP_FPATH}\"\n    MV=`mv ${zipFile} ${DSYM_ZIP_FPATH}`\n    done\n    \n    if [ ! -e \"${DSYM_ZIP_FPATH}\" ] ; then\n    exitWithMessage \"no dSYM zip archive generated: ${DSYM_ZIP_FPATH}\" 1\n    fi\n    \n    echo \"dSYM upload domain: ${DSYM_UPLOAD_DOMAIN}\"\n    DSYM_UPLOAD_URL=\"http://${DSYM_UPLOAD_DOMAIN}/upload_dsym\"\n    \n    echo \"dSYM upload url: ${DSYM_UPLOAD_URL}\"\n    \n    echo \"curl -F \\\"file=@${DSYM_ZIP_FPATH};type=application/zip\\\" \\\"${DSYM_UPLOAD_URL}\\\" --verbose\"\n    \n    echo \"--------------------------------\"\n    STATUS=$(/usr/bin/curl -F \"file=@${DSYM_ZIP_FPATH};type=application/zip\" \"${DSYM_UPLOAD_URL}\" --verbose -k)\n    echo \"--------------------------------\"\n    \n    UPLOAD_RESULT=\"FAILTURE\"\n    echo \"server response: ${STATUS}\"\n    if [ ! \"${STATUS}\" ]; then\n    echo \"Error: Failed to upload the zip archive file.\"\n    elif [[ \"${STATUS}\" == *\"true\"* ]]; then\n    UPLOAD_RESULT=\"SUCCESS\"\n    else\n    echo \"Error: Failed to upload the zip archive file.\"\n    fi\n    \n    echo \"--------------------------------\"\n    echo \"${UPLOAD_RESULT} - dSYM upload complete.\"\n    \n    if [[ \"${UPLOAD_RESULT}\" == \"FAILTURE\" ]]; then\n    echo \"--------------------------------\"\n    echo \"Failed to upload the dSYM\"\n    echo \"Please try it again or upload mannually.\"\n    echo \"symbol file location: ${DSYM_ZIP_FPATH}\"\n    else\n    echo \"${DSYM_SYMBOL_OUT_ZIP_NAME}\" > $CHECKFILEPATH\n    echo \"Remove temporary zip archive: ${DSYM_ZIP_FPATH}\"\n    `rm -f ${DSYM_ZIP_FPATH}`\n    \n    if [ \"$?\" -ne 0 ]; then\n    exitWithMessage \"Error: Failed to remove temporary zip archive.\" 1\n    fi\n    fi\n    \n    echo \"-----------------------------------------------------------------\"\n}\n\n\n# .dSYM文件信息\necho \"DSYM FOLDER ${DWARF_DSYM_FOLDER_PATH}\"\n\nDSYM_FOLDER=\"${DWARF_DSYM_FOLDER_PATH}\"\n\nIFS=$'\\n'\n\nfor dsymFile in `find \"$DSYM_FOLDER\" -name \"${PRODUCT_NAME}.*.dSYM\"`; do\necho \"Found dSYM file: $dsymFile\"\nuploadDSYM $dsymFile\ndone\n";
		};
		618FF24A43E0EC66D2B24802 /* [CP] Copy Pods Resources */ = {
			isa = PBXShellScriptBuildPhase;
			buildActionMask = 2147483647;
			files = (
			);
			inputPaths = (
			);
			name = "[CP] Copy Pods Resources";
			outputPaths = (
			);
			runOnlyForDeploymentPostprocessing = 0;
			shellPath = /bin/sh;
			shellScript = "\"${SRCROOT}/Pods/Target Support Files/Pods-ANRTest/Pods-ANRTest-resources.sh\"\n";
			showEnvVarsInLog = 0;
		};
		7138B7F2D5B7F7F51D2B22A6 /* [CP] Embed Pods Frameworks */ = {
			isa = PBXShellScriptBuildPhase;
			buildActionMask = 2147483647;
			files = (
			);
			inputPaths = (
			);
			name = "[CP] Embed Pods Frameworks";
			outputPaths = (
			);
			runOnlyForDeploymentPostprocessing = 0;
			shellPath = /bin/sh;
			shellScript = "\"${SRCROOT}/Pods/Target Support Files/Pods-ANRTest/Pods-ANRTest-frameworks.sh\"\n";
			showEnvVarsInLog = 0;
		};
		CAACEE1571131DCECF88AB83 /* [CP] Check Pods Manifest.lock */ = {
			isa = PBXShellScriptBuildPhase;
			buildActionMask = 2147483647;
			files = (
			);
			inputPaths = (
				"${PODS_PODFILE_DIR_PATH}/Podfile.lock",
				"${PODS_ROOT}/Manifest.lock",
			);
			name = "[CP] Check Pods Manifest.lock";
			outputPaths = (
				"$(DERIVED_FILE_DIR)/Pods-ANRTest-checkManifestLockResult.txt",
			);
			runOnlyForDeploymentPostprocessing = 0;
			shellPath = /bin/sh;
			shellScript = "diff \"${PODS_PODFILE_DIR_PATH}/Podfile.lock\" \"${PODS_ROOT}/Manifest.lock\" > /dev/null\nif [ $? != 0 ] ; then\n    # print error to STDERR\n    echo \"error: The sandbox is not in sync with the Podfile.lock. Run 'pod install' or update your CocoaPods installation.\" >&2\n    exit 1\nfi\n# This output is used by Xcode 'outputs' to avoid re-running this script phase.\necho \"SUCCESS\" > \"${SCRIPT_OUTPUT_FILE_0}\"\n";
			showEnvVarsInLog = 0;
		};
/* End PBXShellScriptBuildPhase section */

/* Begin PBXSourcesBuildPhase section */
		12F9F75F20A4276B00ABD788 /* Sources */ = {
			isa = PBXSourcesBuildPhase;
			buildActionMask = 2147483647;
			files = (
				12695A1B2111CB7500FC783B /* ISLevelDB.mm in Sources */,
				12695A172111B8AE00FC783B /* ISANRWatcher.mm in Sources */,
				12F9F78920A4279100ABD788 /* ISBinaryImageHelper.mm in Sources */,
				12F9F78720A4279100ABD788 /* ISMainThreadChecker.mm in Sources */,
				12F9F76B20A4276B00ABD788 /* ViewController.m in Sources */,
				12F9F78A20A4279100ABD788 /* ISSerialization.mm in Sources */,
				12695A112111889E00FC783B /* ISStacktraceRecorder.cpp in Sources */,
				12F9F77620A4276B00ABD788 /* main.m in Sources */,
				12F9F76820A4276B00ABD788 /* AppDelegate.mm in Sources */,
				12F9F78B20A4279100ABD788 /* ISMonitorCenter.mm in Sources */,
			);
			runOnlyForDeploymentPostprocessing = 0;
		};
/* End PBXSourcesBuildPhase section */

/* Begin PBXVariantGroup section */
		12F9F76C20A4276B00ABD788 /* Main.storyboard */ = {
			isa = PBXVariantGroup;
			children = (
				12F9F76D20A4276B00ABD788 /* Base */,
			);
			name = Main.storyboard;
			sourceTree = "<group>";
		};
		12F9F77120A4276B00ABD788 /* LaunchScreen.storyboard */ = {
			isa = PBXVariantGroup;
			children = (
				12F9F77220A4276B00ABD788 /* Base */,
			);
			name = LaunchScreen.storyboard;
			sourceTree = "<group>";
		};
/* End PBXVariantGroup section */

/* Begin XCBuildConfiguration section */
		12F9F77720A4276B00ABD788 /* Debug */ = {
			isa = XCBuildConfiguration;
			buildSettings = {
				ALWAYS_SEARCH_USER_PATHS = NO;
				CLANG_ANALYZER_NONNULL = YES;
				CLANG_ANALYZER_NUMBER_OBJECT_CONVERSION = YES_AGGRESSIVE;
				CLANG_CXX_LANGUAGE_STANDARD = "gnu++14";
				CLANG_CXX_LIBRARY = "libc++";
				CLANG_ENABLE_MODULES = YES;
				CLANG_ENABLE_OBJC_ARC = YES;
				CLANG_WARN_BLOCK_CAPTURE_AUTORELEASING = YES;
				CLANG_WARN_BOOL_CONVERSION = YES;
				CLANG_WARN_COMMA = YES;
				CLANG_WARN_CONSTANT_CONVERSION = YES;
				CLANG_WARN_DIRECT_OBJC_ISA_USAGE = YES_ERROR;
				CLANG_WARN_DOCUMENTATION_COMMENTS = YES;
				CLANG_WARN_EMPTY_BODY = YES;
				CLANG_WARN_ENUM_CONVERSION = YES;
				CLANG_WARN_INFINITE_RECURSION = YES;
				CLANG_WARN_INT_CONVERSION = YES;
				CLANG_WARN_NON_LITERAL_NULL_CONVERSION = YES;
				CLANG_WARN_OBJC_LITERAL_CONVERSION = YES;
				CLANG_WARN_OBJC_ROOT_CLASS = YES_ERROR;
				CLANG_WARN_RANGE_LOOP_ANALYSIS = YES;
				CLANG_WARN_STRICT_PROTOTYPES = YES;
				CLANG_WARN_SUSPICIOUS_MOVE = YES;
				CLANG_WARN_UNGUARDED_AVAILABILITY = YES_AGGRESSIVE;
				CLANG_WARN_UNREACHABLE_CODE = YES;
				CLANG_WARN__DUPLICATE_METHOD_MATCH = YES;
				CODE_SIGN_IDENTITY = "iPhone Developer";
				COPY_PHASE_STRIP = NO;
				DEBUG_INFORMATION_FORMAT = dwarf;
				ENABLE_STRICT_OBJC_MSGSEND = YES;
				ENABLE_TESTABILITY = YES;
				GCC_C_LANGUAGE_STANDARD = gnu11;
				GCC_DYNAMIC_NO_PIC = NO;
				GCC_NO_COMMON_BLOCKS = YES;
				GCC_OPTIMIZATION_LEVEL = 0;
				GCC_PREPROCESSOR_DEFINITIONS = (
					"DEBUG=1",
					"$(inherited)",
				);
				GCC_WARN_64_TO_32_BIT_CONVERSION = YES;
				GCC_WARN_ABOUT_RETURN_TYPE = YES_ERROR;
				GCC_WARN_UNDECLARED_SELECTOR = YES;
				GCC_WARN_UNINITIALIZED_AUTOS = YES_AGGRESSIVE;
				GCC_WARN_UNUSED_FUNCTION = YES;
				GCC_WARN_UNUSED_VARIABLE = YES;
				IPHONEOS_DEPLOYMENT_TARGET = 11.2;
				MTL_ENABLE_DEBUG_INFO = YES;
				ONLY_ACTIVE_ARCH = YES;
				SDKROOT = iphoneos;
			};
			name = Debug;
		};
		12F9F77820A4276B00ABD788 /* Release */ = {
			isa = XCBuildConfiguration;
			buildSettings = {
				ALWAYS_SEARCH_USER_PATHS = NO;
				CLANG_ANALYZER_NONNULL = YES;
				CLANG_ANALYZER_NUMBER_OBJECT_CONVERSION = YES_AGGRESSIVE;
				CLANG_CXX_LANGUAGE_STANDARD = "gnu++14";
				CLANG_CXX_LIBRARY = "libc++";
				CLANG_ENABLE_MODULES = YES;
				CLANG_ENABLE_OBJC_ARC = YES;
				CLANG_WARN_BLOCK_CAPTURE_AUTORELEASING = YES;
				CLANG_WARN_BOOL_CONVERSION = YES;
				CLANG_WARN_COMMA = YES;
				CLANG_WARN_CONSTANT_CONVERSION = YES;
				CLANG_WARN_DIRECT_OBJC_ISA_USAGE = YES_ERROR;
				CLANG_WARN_DOCUMENTATION_COMMENTS = YES;
				CLANG_WARN_EMPTY_BODY = YES;
				CLANG_WARN_ENUM_CONVERSION = YES;
				CLANG_WARN_INFINITE_RECURSION = YES;
				CLANG_WARN_INT_CONVERSION = YES;
				CLANG_WARN_NON_LITERAL_NULL_CONVERSION = YES;
				CLANG_WARN_OBJC_LITERAL_CONVERSION = YES;
				CLANG_WARN_OBJC_ROOT_CLASS = YES_ERROR;
				CLANG_WARN_RANGE_LOOP_ANALYSIS = YES;
				CLANG_WARN_STRICT_PROTOTYPES = YES;
				CLANG_WARN_SUSPICIOUS_MOVE = YES;
				CLANG_WARN_UNGUARDED_AVAILABILITY = YES_AGGRESSIVE;
				CLANG_WARN_UNREACHABLE_CODE = YES;
				CLANG_WARN__DUPLICATE_METHOD_MATCH = YES;
				CODE_SIGN_IDENTITY = "iPhone Developer";
				COPY_PHASE_STRIP = NO;
				DEBUG_INFORMATION_FORMAT = "dwarf-with-dsym";
				ENABLE_NS_ASSERTIONS = NO;
				ENABLE_STRICT_OBJC_MSGSEND = YES;
				GCC_C_LANGUAGE_STANDARD = gnu11;
				GCC_NO_COMMON_BLOCKS = YES;
				GCC_WARN_64_TO_32_BIT_CONVERSION = YES;
				GCC_WARN_ABOUT_RETURN_TYPE = YES_ERROR;
				GCC_WARN_UNDECLARED_SELECTOR = YES;
				GCC_WARN_UNINITIALIZED_AUTOS = YES_AGGRESSIVE;
				GCC_WARN_UNUSED_FUNCTION = YES;
				GCC_WARN_UNUSED_VARIABLE = YES;
				IPHONEOS_DEPLOYMENT_TARGET = 11.2;
				MTL_ENABLE_DEBUG_INFO = NO;
				SDKROOT = iphoneos;
				VALIDATE_PRODUCT = YES;
			};
			name = Release;
		};
		12F9F77A20A4276B00ABD788 /* Debug */ = {
			isa = XCBuildConfiguration;
			baseConfigurationReference = 7F9A0B62B7337196C00751F6 /* Pods-ANRTest.debug.xcconfig */;
			buildSettings = {
				ASSETCATALOG_COMPILER_APPICON_NAME = AppIcon;
				CODE_SIGN_STYLE = Automatic;
				DEVELOPMENT_TEAM = TUYDV67BHD;
				INFOPLIST_FILE = ANRTest/Info.plist;
				LD_RUNPATH_SEARCH_PATHS = "$(inherited) @executable_path/Frameworks";
				PRODUCT_BUNDLE_IDENTIFIER = com.sky.net.ANRTest;
				PRODUCT_NAME = "$(TARGET_NAME)";
				TARGETED_DEVICE_FAMILY = "1,2";
			};
			name = Debug;
		};
		12F9F77B20A4276B00ABD788 /* Release */ = {
			isa = XCBuildConfiguration;
			baseConfigurationReference = E425EDEAA783541430CF0C99 /* Pods-ANRTest.release.xcconfig */;
			buildSettings = {
				ASSETCATALOG_COMPILER_APPICON_NAME = AppIcon;
				CODE_SIGN_STYLE = Automatic;
				DEVELOPMENT_TEAM = TUYDV67BHD;
				INFOPLIST_FILE = ANRTest/Info.plist;
				LD_RUNPATH_SEARCH_PATHS = "$(inherited) @executable_path/Frameworks";
				PRODUCT_BUNDLE_IDENTIFIER = com.sky.net.ANRTest;
				PRODUCT_NAME = "$(TARGET_NAME)";
				TARGETED_DEVICE_FAMILY = "1,2";
			};
			name = Release;
		};
/* End XCBuildConfiguration section */

/* Begin XCConfigurationList section */
		12F9F75E20A4276B00ABD788 /* Build configuration list for PBXProject "ANRTest" */ = {
			isa = XCConfigurationList;
			buildConfigurations = (
				12F9F77720A4276B00ABD788 /* Debug */,
				12F9F77820A4276B00ABD788 /* Release */,
			);
			defaultConfigurationIsVisible = 0;
			defaultConfigurationName = Release;
		};
		12F9F77920A4276B00ABD788 /* Build configuration list for PBXNativeTarget "ANRTest" */ = {
			isa = XCConfigurationList;
			buildConfigurations = (
				12F9F77A20A4276B00ABD788 /* Debug */,
				12F9F77B20A4276B00ABD788 /* Release */,
			);
			defaultConfigurationIsVisible = 0;
			defaultConfigurationName = Release;
		};
/* End XCConfigurationList section */
	};
	rootObject = 12F9F75B20A4276B00ABD788 /* Project object */;
}
